
Microsoft Visual Studio Solution File, Format Version 12.00
# Visual Studio Version 17
VisualStudioVersion = 17.13.35818.85 d17.13
MinimumVisualStudioVersion = 10.0.40219.1
Project("{FAE04EC0-301F-11D3-BF4B-00C04F79EFBC}") = "ST10442835_CLDV6212_POE", "ST10442835_CLDV6212_POE.csproj", "{B442F1BD-7D7E-4B44-AEDD-BD15F551988F}"
EndProject
Global
	GlobalSection(SolutionConfigurationPlatforms) = preSolution
		Debug|Any CPU = Debug|Any CPU
		Release|Any CPU = Release|Any CPU
	EndGlobalSection
	GlobalSection(ProjectConfigurationPlatforms) = postSolution
		{B442F1BD-7D7E-4B44-AEDD-BD15F551988F}.Debug|Any CPU.ActiveCfg = Debug|Any CPU
		{B442F1BD-7D7E-4B44-AEDD-BD15F551988F}.Debug|Any CPU.Build.0 = Debug|Any CPU
		{B442F1BD-7D7E-4B44-AEDD-BD15F551988F}.Release|Any CPU.ActiveCfg = Release|Any CPU
		{B442F1BD-7D7E-4B44-AEDD-BD15F551988F}.Release|Any CPU.Build.0 = Release|Any CPU
	EndGlobalSection
	GlobalSection(SolutionProperties) = preSolution
		HideSolutionNode = FALSE
	EndGlobalSection
	GlobalSection(ExtensibilityGlobals) = postSolution
		SolutionGuid = {106EF212-83C8-4C53-92DA-7F38B7A41DA0}
	EndGlobalSection
EndGlobal
